
Microsoft Visual Studio Solution File, Format Version 12.00
# Visual Studio Version 17
VisualStudioVersion = 17.13.35931.197 d17.13
MinimumVisualStudioVersion = 10.0.40219.1
Project("{FAE04EC0-301F-11D3-BF4B-00C04F79EFBC}") = "Merge-Practice", "Merge-Practice\Merge-Practice.csproj", "{B650C413-1D42-4C22-8C91-061657D32B87}"
EndProject
Global
	GlobalSection(SolutionConfigurationPlatforms) = preSolution
		Debug|Any CPU = Debug|Any CPU
		Release|Any CPU = Release|Any CPU
	EndGlobalSection
	GlobalSection(ProjectConfigurationPlatforms) = postSolution
		{B650C413-1D42-4C22-8C91-061657D32B87}.Debug|Any CPU.ActiveCfg = Debug|Any CPU
		{B650C413-1D42-4C22-8C91-061657D32B87}.Debug|Any CPU.Build.0 = Debug|Any CPU
		{B650C413-1D42-4C22-8C91-061657D32B87}.Release|Any CPU.ActiveCfg = Release|Any CPU
		{B650C413-1D42-4C22-8C91-061657D32B87}.Release|Any CPU.Build.0 = Release|Any CPU
	EndGlobalSection
	GlobalSection(SolutionProperties) = preSolution
		HideSolutionNode = FALSE
	EndGlobalSection
	GlobalSection(ExtensibilityGlobals) = postSolution
		SolutionGuid = {F9DE9321-AFAA-4D28-9454-82111ED8EC5B}
	EndGlobalSection
EndGlobal
